github.com/LordMathis/hugo-theme-nightfall v0.7.1 h1:n8T4Eg/5ZJLXGWmRHHAZ9DrbIv0yXBATeNo/A3p8EoM=
github.com/LordMathis/hugo-theme-nightfall v0.7.1/go.mod h1:0tCPxAeg5+tWhv17517Q8Lti/TPh0KNyON/uferEU30=
github.com/renanbastos93/hugo-theme-nightfall v0.0.0-20240521172552-ae5ca63046cd h1:xMCDV3a6uuljh+p4ZN569eSVUpezwpRu+qZLL0rJaic=
github.com/renanbastos93/hugo-theme-nightfall v0.0.0-20240521172552-ae5ca63046cd/go.mod h1:MA7Ged9x8XPbXMWRjpj9os40npI75evOF2Ru/Mx1eN4=
